{
  "name": "home",
  "version": "1.0.0",
  "lockfileVersion": 1,
  "requires": true,
  "dependencies": {
    "@bikeshaving/crank": {
      "version": "0.3.5",
      "resolved": "https://registry.npmjs.org/@bikeshaving/crank/-/crank-0.3.5.tgz",
      "integrity": "sha512-5YLT3uLmG0YdsVM5VmXuSgCm6aYqtuDTT6VDr8l9IdiBEcIMW0RanVhdeDmx5wZig7aseTSUTTRpOYUSz33d8w=="
    }
  }
}
